// !$*UTF8*$!
{
	archiveVersion = 1;
	classes = {
	};
	objectVersion = 56;
	objects = {

/* Begin PBXBuildFile section */
		C8C818562AA22926009F4917 /* AppDelegate.swift in Sources */ = {isa = PBXBuildFile; fileRef = C8C818552AA22926009F4917 /* AppDelegate.swift */; };
		C8C818582AA22926009F4917 /* SceneDelegate.swift in Sources */ = {isa = PBXBuildFile; fileRef = C8C818572AA22926009F4917 /* SceneDelegate.swift */; };
		C8C8185A2AA22926009F4917 /* ViewController.swift in Sources */ = {isa = PBXBuildFile; fileRef = C8C818592AA22926009F4917 /* ViewController.swift */; };
		C8C8185D2AA22926009F4917 /* Main.storyboard in Resources */ = {isa = PBXBuildFile; fileRef = C8C8185B2AA22926009F4917 /* Main.storyboard */; };
		C8C818602AA22926009F4917 /* TempApp.xcdatamodeld in Sources */ = {isa = PBXBuildFile; fileRef = C8C8185E2AA22926009F4917 /* TempApp.xcdatamodeld */; };
		C8C818622AA22928009F4917 /* Assets.xcassets in Resources */ = {isa = PBXBuildFile; fileRef = C8C818612AA22928009F4917 /* Assets.xcassets */; };
		C8C818652AA22928009F4917 /* LaunchScreen.storyboard in Resources */ = {isa = PBXBuildFile; fileRef = C8C818632AA22928009F4917 /* LaunchScreen.storyboard */; };
		C8C818702AA22928009F4917 /* TempAppTests.swift in Sources */ = {isa = PBXBuildFile; fileRef = C8C8186F2AA22928009F4917 /* TempAppTests.swift */; };
		C8C8187A2AA22928009F4917 /* TempAppUITests.swift in Sources */ = {isa = PBXBuildFile; fileRef = C8C818792AA22928009F4917 /* TempAppUITests.swift */; };
		C8C8187C2AA22928009F4917 /* TempAppUITestsLaunchTests.swift in Sources */ = {isa = PBXBuildFile; fileRef = C8C8187B2AA22928009F4917 /* TempAppUITestsLaunchTests.swift */; };
/* End PBXBuildFile section */

/* Begin PBXContainerItemProxy section */
		C8C8186C2AA22928009F4917 /* PBXContainerItemProxy */ = {
			isa = PBXContainerItemProxy;
			containerPortal = C8C8184A2AA22926009F4917 /* Project object */;
			proxyType = 1;
			remoteGlobalIDString = C8C818512AA22926009F4917;
			remoteInfo = TempApp;
		};
		C8C818762AA22928009F4917 /* PBXContainerItemProxy */ = {
			isa = PBXContainerItemProxy;
			containerPortal = C8C8184A2AA22926009F4917 /* Project object */;
			proxyType = 1;
			remoteGlobalIDString = C8C818512AA22926009F4917;
			remoteInfo = TempApp;
		};
/* End PBXContainerItemProxy section */

/* Begin PBXFileReference section */
		C8C818522AA22926009F4917 /* TempApp.app */ = {isa = PBXFileReference; explicitFileType = wrapper.application; includeInIndex = 0; path = TempApp.app; sourceTree = BUILT_PRODUCTS_DIR; };
		C8C818552AA22926009F4917 /* AppDelegate.swift */ = {isa = PBXFileReference; lastKnownFileType = sourcecode.swift; path = AppDelegate.swift; sourceTree = "<group>"; };
		C8C818572AA22926009F4917 /* SceneDelegate.swift */ = {isa = PBXFileReference; lastKnownFileType = sourcecode.swift; path = SceneDelegate.swift; sourceTree = "<group>"; };
		C8C818592AA22926009F4917 /* ViewController.swift */ = {isa = PBXFileReference; lastKnownFileType = sourcecode.swift; path = ViewController.swift; sourceTree = "<group>"; };
		C8C8185C2AA22926009F4917 /* Base */ = {isa = PBXFileReference; lastKnownFileType = file.storyboard; name = Base; path = Base.lproj/Main.storyboard; sourceTree = "<group>"; };
		C8C8185F2AA22926009F4917 /* TempApp.xcdatamodel */ = {isa = PBXFileReference; lastKnownFileType = wrapper.xcdatamodel; path = TempApp.xcdatamodel; sourceTree = "<group>"; };
		C8C818612AA22928009F4917 /* Assets.xcassets */ = {isa = PBXFileReference; lastKnownFileType = folder.assetcatalog; path = Assets.xcassets; sourceTree = "<group>"; };
		C8C818642AA22928009F4917 /* Base */ = {isa = PBXFileReference; lastKnownFileType = file.storyboard; name = Base; path = Base.lproj/LaunchScreen.storyboard; sourceTree = "<group>"; };
		C8C818662AA22928009F4917 /* Info.plist */ = {isa = PBXFileReference; lastKnownFileType = text.plist.xml; path = Info.plist; sourceTree = "<group>"; };
		C8C8186B2AA22928009F4917 /* TempAppTests.xctest */ = {isa = PBXFileReference; explicitFileType = wrapper.cfbundle; includeInIndex = 0; path = TempAppTests.xctest; sourceTree = BUILT_PRODUCTS_DIR; };
		C8C8186F2AA22928009F4917 /* TempAppTests.swift */ = {isa = PBXFileReference; lastKnownFileType = sourcecode.swift; path = TempAppTests.swift; sourceTree = "<group>"; };
		C8C818752AA22928009F4917 /* TempAppUITests.xctest */ = {isa = PBXFileReference; explicitFileType = wrapper.cfbundle; includeInIndex = 0; path = TempAppUITests.xctest; sourceTree = BUILT_PRODUCTS_DIR; };
		C8C818792AA22928009F4917 /* TempAppUITests.swift */ = {isa = PBXFileReference; lastKnownFileType = sourcecode.swift; path = TempAppUITests.swift; sourceTree = "<group>"; };
		C8C8187B2AA22928009F4917 /* TempAppUITestsLaunchTests.swift */ = {isa = PBXFileReference; lastKnownFileType = sourcecode.swift; path = TempAppUITestsLaunchTests.swift; sourceTree = "<group>"; };
/* End PBXFileReference section */

/* Begin PBXFrameworksBuildPhase section */
		C8C8184F2AA22926009F4917 /* Frameworks */ = {
			isa = PBXFrameworksBuildPhase;
			buildActionMask = 2147483647;
			files = (
			);
			runOnlyForDeploymentPostprocessing = 0;
		};
		C8C818682AA22928009F4917 /* Frameworks */ = {
			isa = PBXFrameworksBuildPhase;
			buildActionMask = 2147483647;
			files = (
			);
			runOnlyForDeploymentPostprocessing = 0;
		};
		C8C818722AA22928009F4917 /* Frameworks */ = {
			isa = PBXFrameworksBuildPhase;
			buildActionMask = 2147483647;
			files = (
			);
			runOnlyForDeploymentPostprocessing = 0;
		};
/* End PBXFrameworksBuildPhase section */

/* Begin PBXGroup section */
		C8C818492AA22926009F4917 = {
			isa = PBXGroup;
			children = (
				C8C818542AA22926009F4917 /* TempApp */,
				C8C8186E2AA22928009F4917 /* TempAppTests */,
				C8C818782AA22928009F4917 /* TempAppUITests */,
				C8C818532AA22926009F4917 /* Products */,
			);
			sourceTree = "<group>";
		};
		C8C818532AA22926009F4917 /* Products */ = {
			isa = PBXGroup;
			children = (
				C8C818522AA22926009F4917 /* TempApp.app */,
				C8C8186B2AA22928009F4917 /* TempAppTests.xctest */,
				C8C818752AA22928009F4917 /* TempAppUITests.xctest */,
			);
			name = Products;
			sourceTree = "<group>";
		};
		C8C818542AA22926009F4917 /* TempApp */ = {
			isa = PBXGroup;
			children = (
				C8C818552AA22926009F4917 /* AppDelegate.swift */,
				C8C818572AA22926009F4917 /* SceneDelegate.swift */,
				C8C818592AA22926009F4917 /* ViewController.swift */,
				C8C8185B2AA22926009F4917 /* Main.storyboard */,
				C8C818612AA22928009F4917 /* Assets.xcassets */,
				C8C818632AA22928009F4917 /* LaunchScreen.storyboard */,
				C8C818662AA22928009F4917 /* Info.plist */,
				C8C8185E2AA22926009F4917 /* TempApp.xcdatamodeld */,
			);
			path = TempApp;
			sourceTree = "<group>";
		};
		C8C8186E2AA22928009F4917 /* TempAppTests */ = {
			isa = PBXGroup;
			children = (
				C8C8186F2AA22928009F4917 /* TempAppTests.swift */,
			);
			path = TempAppTests;
			sourceTree = "<group>";
		};
		C8C818782AA22928009F4917 /* TempAppUITests */ = {
			isa = PBXGroup;
			children = (
				C8C818792AA22928009F4917 /* TempAppUITests.swift */,
				C8C8187B2AA22928009F4917 /* TempAppUITestsLaunchTests.swift */,
			);
			path = TempAppUITests;
			sourceTree = "<group>";
		};
/* End PBXGroup section */

/* Begin PBXNativeTarget section */
		C8C818512AA22926009F4917 /* TempApp */ = {
			isa = PBXNativeTarget;
			buildConfigurationList = C8C8187F2AA22928009F4917 /* Build configuration list for PBXNativeTarget "TempApp" */;
			buildPhases = (
				C8C8184E2AA22926009F4917 /* Sources */,
				C8C8184F2AA22926009F4917 /* Frameworks */,
				C8C818502AA22926009F4917 /* Resources */,
			);
			buildRules = (
			);
			dependencies = (
			);
			name = TempApp;
			productName = TempApp;
			productReference = C8C818522AA22926009F4917 /* TempApp.app */;
			productType = "com.apple.product-type.application";
		};
		C8C8186A2AA22928009F4917 /* TempAppTests */ = {
			isa = PBXNativeTarget;
			buildConfigurationList = C8C818822AA22928009F4917 /* Build configuration list for PBXNativeTarget "TempAppTests" */;
			buildPhases = (
				C8C818672AA22928009F4917 /* Sources */,
				C8C818682AA22928009F4917 /* Frameworks */,
				C8C818692AA22928009F4917 /* Resources */,
			);
			buildRules = (
			);
			dependencies = (
				C8C8186D2AA22928009F4917 /* PBXTargetDependency */,
			);
			name = TempAppTests;
			productName = TempAppTests;
			productReference = C8C8186B2AA22928009F4917 /* TempAppTests.xctest */;
			productType = "com.apple.product-type.bundle.unit-test";
		};
		C8C818742AA22928009F4917 /* TempAppUITests */ = {
			isa = PBXNativeTarget;
			buildConfigurationList = C8C818852AA22928009F4917 /* Build configuration list for PBXNativeTarget "TempAppUITests" */;
			buildPhases = (
				C8C818712AA22928009F4917 /* Sources */,
				C8C818722AA22928009F4917 /* Frameworks */,
				C8C818732AA22928009F4917 /* Resources */,
			);
			buildRules = (
			);
			dependencies = (
				C8C818772AA22928009F4917 /* PBXTargetDependency */,
			);
			name = TempAppUITests;
			productName = TempAppUITests;
			productReference = C8C818752AA22928009F4917 /* TempAppUITests.xctest */;
			productType = "com.apple.product-type.bundle.ui-testing";
		};
/* End PBXNativeTarget section */

/* Begin PBXProject section */
		C8C8184A2AA22926009F4917 /* Project object */ = {
			isa = PBXProject;
			attributes = {
				BuildIndependentTargetsInParallel = 1;
				LastSwiftUpdateCheck = 1430;
				LastUpgradeCheck = 1430;
				TargetAttributes = {
					C8C818512AA22926009F4917 = {
						CreatedOnToolsVersion = 14.3.1;
					};
					C8C8186A2AA22928009F4917 = {
						CreatedOnToolsVersion = 14.3.1;
						TestTargetID = C8C818512AA22926009F4917;
					};
					C8C818742AA22928009F4917 = {
						CreatedOnToolsVersion = 14.3.1;
						TestTargetID = C8C818512AA22926009F4917;
					};
				};
			};
			buildConfigurationList = C8C8184D2AA22926009F4917 /* Build configuration list for PBXProject "TempApp" */;
			compatibilityVersion = "Xcode 14.0";
			developmentRegion = en;
			hasScannedForEncodings = 0;
			knownRegions = (
				en,
				Base,
			);
			mainGroup = C8C818492AA22926009F4917;
			productRefGroup = C8C818532AA22926009F4917 /* Products */;
			projectDirPath = "";
			projectRoot = "";
			targets = (
				C8C818512AA22926009F4917 /* TempApp */,
				C8C8186A2AA22928009F4917 /* TempAppTests */,
				C8C818742AA22928009F4917 /* TempAppUITests */,
			);
		};
/* End PBXProject section */

/* Begin PBXResourcesBuildPhase section */
		C8C818502AA22926009F4917 /* Resources */ = {
			isa = PBXResourcesBuildPhase;
			buildActionMask = 2147483647;
			files = (
				C8C818652AA22928009F4917 /* LaunchScreen.storyboard in Resources */,
				C8C818622AA22928009F4917 /* Assets.xcassets in Resources */,
				C8C8185D2AA22926009F4917 /* Main.storyboard in Resources */,
			);
			runOnlyForDeploymentPostprocessing = 0;
		};
		C8C818692AA22928009F4917 /* Resources */ = {
			isa = PBXResourcesBuildPhase;
			buildActionMask = 2147483647;
			files = (
			);
			runOnlyForDeploymentPostprocessing = 0;
		};
		C8C818732AA22928009F4917 /* Resources */ = {
			isa = PBXResourcesBuildPhase;
			buildActionMask = 2147483647;
			files = (
			);
			runOnlyForDeploymentPostprocessing = 0;
		};
/* End PBXResourcesBuildPhase section */

/* Begin PBXSourcesBuildPhase section */
		C8C8184E2AA22926009F4917 /* Sources */ = {
			isa = PBXSourcesBuildPhase;
			buildActionMask = 2147483647;
			files = (
				C8C8185A2AA22926009F4917 /* ViewController.swift in Sources */,
				C8C818562AA22926009F4917 /* AppDelegate.swift in Sources */,
				C8C818582AA22926009F4917 /* SceneDelegate.swift in Sources */,
				C8C818602AA22926009F4917 /* TempApp.xcdatamodeld in Sources */,
			);
			runOnlyForDeploymentPostprocessing = 0;
		};
		C8C818672AA22928009F4917 /* Sources */ = {
			isa = PBXSourcesBuildPhase;
			buildActionMask = 2147483647;
			files = (
				C8C818702AA22928009F4917 /* TempAppTests.swift in Sources */,
			);
			runOnlyForDeploymentPostprocessing = 0;
		};
		C8C818712AA22928009F4917 /* Sources */ = {
			isa = PBXSourcesBuildPhase;
			buildActionMask = 2147483647;
			files = (
				C8C8187C2AA22928009F4917 /* TempAppUITestsLaunchTests.swift in Sources */,
				C8C8187A2AA22928009F4917 /* TempAppUITests.swift in Sources */,
			);
			runOnlyForDeploymentPostprocessing = 0;
		};
/* End PBXSourcesBuildPhase section */

/* Begin PBXTargetDependency section */
		C8C8186D2AA22928009F4917 /* PBXTargetDependency */ = {
			isa = PBXTargetDependency;
			target = C8C818512AA22926009F4917 /* TempApp */;
			targetProxy = C8C8186C2AA22928009F4917 /* PBXContainerItemProxy */;
		};
		C8C818772AA22928009F4917 /* PBXTargetDependency */ = {
			isa = PBXTargetDependency;
			target = C8C818512AA22926009F4917 /* TempApp */;
			targetProxy = C8C818762AA22928009F4917 /* PBXContainerItemProxy */;
		};
/* End PBXTargetDependency section */

/* Begin PBXVariantGroup section */
		C8C8185B2AA22926009F4917 /* Main.storyboard */ = {
			isa = PBXVariantGroup;
			children = (
				C8C8185C2AA22926009F4917 /* Base */,
			);
			name = Main.storyboard;
			sourceTree = "<group>";
		};
		C8C818632AA22928009F4917 /* LaunchScreen.storyboard */ = {
			isa = PBXVariantGroup;
			children = (
				C8C818642AA22928009F4917 /* Base */,
			);
			name = LaunchScreen.storyboard;
			sourceTree = "<group>";
		};
/* End PBXVariantGroup section */

/* Begin XCBuildConfiguration section */
		C8C8187D2AA22928009F4917 /* Debug */ = {
			isa = XCBuildConfiguration;
			buildSettings = {
				ALWAYS_SEARCH_USER_PATHS = NO;
				CLANG_ANALYZER_NONNULL = YES;
				CLANG_ANALYZER_NUMBER_OBJECT_CONVERSION = YES_AGGRESSIVE;
				CLANG_CXX_LANGUAGE_STANDARD = "gnu++20";
				CLANG_ENABLE_MODULES = YES;
				CLANG_ENABLE_OBJC_ARC = YES;
				CLANG_ENABLE_OBJC_WEAK = YES;
				CLANG_WARN_BLOCK_CAPTURE_AUTORELEASING = YES;
				CLANG_WARN_BOOL_CONVERSION = YES;
				CLANG_WARN_COMMA = YES;
				CLANG_WARN_CONSTANT_CONVERSION = YES;
				CLANG_WARN_DEPRECATED_OBJC_IMPLEMENTATIONS = YES;
				CLANG_WARN_DIRECT_OBJC_ISA_USAGE = YES_ERROR;
				CLANG_WARN_DOCUMENTATION_COMMENTS = YES;
				CLANG_WARN_EMPTY_BODY = YES;
				CLANG_WARN_ENUM_CONVERSION = YES;
				CLANG_WARN_INFINITE_RECURSION = YES;
				CLANG_WARN_INT_CONVERSION = YES;
				CLANG_WARN_NON_LITERAL_NULL_CONVERSION = YES;
				CLANG_WARN_OBJC_IMPLICIT_RETAIN_SELF = YES;
				CLANG_WARN_OBJC_LITERAL_CONVERSION = YES;
				CLANG_WARN_OBJC_ROOT_CLASS = YES_ERROR;
				CLANG_WARN_QUOTED_INCLUDE_IN_FRAMEWORK_HEADER = YES;
				CLANG_WARN_RANGE_LOOP_ANALYSIS = YES;
				CLANG_WARN_STRICT_PROTOTYPES = YES;
				CLANG_WARN_SUSPICIOUS_MOVE = YES;
				CLANG_WARN_UNGUARDED_AVAILABILITY = YES_AGGRESSIVE;
				CLANG_WARN_UNREACHABLE_CODE = YES;
				CLANG_WARN__DUPLICATE_METHOD_MATCH = YES;
				COPY_PHASE_STRIP = NO;
				DEBUG_INFORMATION_FORMAT = dwarf;
				ENABLE_STRICT_OBJC_MSGSEND = YES;
				ENABLE_TESTABILITY = YES;
				GCC_C_LANGUAGE_STANDARD = gnu11;
				GCC_DYNAMIC_NO_PIC = NO;
				GCC_NO_COMMON_BLOCKS = YES;
				GCC_OPTIMIZATION_LEVEL = 0;
				GCC_PREPROCESSOR_DEFINITIONS = (
					"DEBUG=1",
					"$(inherited)",
				);
				GCC_WARN_64_TO_32_BIT_CONVERSION = YES;
				GCC_WARN_ABOUT_RETURN_TYPE = YES_ERROR;
				GCC_WARN_UNDECLARED_SELECTOR = YES;
				GCC_WARN_UNINITIALIZED_AUTOS = YES_AGGRESSIVE;
				GCC_WARN_UNUSED_FUNCTION = YES;
				GCC_WARN_UNUSED_VARIABLE = YES;
				IPHONEOS_DEPLOYMENT_TARGET = 16.4;
				MTL_ENABLE_DEBUG_INFO = INCLUDE_SOURCE;
				MTL_FAST_MATH = YES;
				ONLY_ACTIVE_ARCH = YES;
				SDKROOT = iphoneos;
				SWIFT_ACTIVE_COMPILATION_CONDITIONS = DEBUG;
				SWIFT_OPTIMIZATION_LEVEL = "-Onone";
			};
			name = Debug;
		};
		C8C8187E2AA22928009F4917 /* Release */ = {
			isa = XCBuildConfiguration;
			buildSettings = {
				ALWAYS_SEARCH_USER_PATHS = NO;
				CLANG_ANALYZER_NONNULL = YES;
				CLANG_ANALYZER_NUMBER_OBJECT_CONVERSION = YES_AGGRESSIVE;
				CLANG_CXX_LANGUAGE_STANDARD = "gnu++20";
				CLANG_ENABLE_MODULES = YES;
				CLANG_ENABLE_OBJC_ARC = YES;
				CLANG_ENABLE_OBJC_WEAK = YES;
				CLANG_WARN_BLOCK_CAPTURE_AUTORELEASING = YES;
				CLANG_WARN_BOOL_CONVERSION = YES;
				CLANG_WARN_COMMA = YES;
				CLANG_WARN_CONSTANT_CONVERSION = YES;
				CLANG_WARN_DEPRECATED_OBJC_IMPLEMENTATIONS = YES;
				CLANG_WARN_DIRECT_OBJC_ISA_USAGE = YES_ERROR;
				CLANG_WARN_DOCUMENTATION_COMMENTS = YES;
				CLANG_WARN_EMPTY_BODY = YES;
				CLANG_WARN_ENUM_CONVERSION = YES;
				CLANG_WARN_INFINITE_RECURSION = YES;
				CLANG_WARN_INT_CONVERSION = YES;
				CLANG_WARN_NON_LITERAL_NULL_CONVERSION = YES;
				CLANG_WARN_OBJC_IMPLICIT_RETAIN_SELF = YES;
				CLANG_WARN_OBJC_LITERAL_CONVERSION = YES;
				CLANG_WARN_OBJC_ROOT_CLASS = YES_ERROR;
				CLANG_WARN_QUOTED_INCLUDE_IN_FRAMEWORK_HEADER = YES;
				CLANG_WARN_RANGE_LOOP_ANALYSIS = YES;
				CLANG_WARN_STRICT_PROTOTYPES = YES;
				CLANG_WARN_SUSPICIOUS_MOVE = YES;
				CLANG_WARN_UNGUARDED_AVAILABILITY = YES_AGGRESSIVE;
				CLANG_WARN_UNREACHABLE_CODE = YES;
				CLANG_WARN__DUPLICATE_METHOD_MATCH = YES;
				COPY_PHASE_STRIP = NO;
				DEBUG_INFORMATION_FORMAT = "dwarf-with-dsym";
				ENABLE_NS_ASSERTIONS = NO;
				ENABLE_STRICT_OBJC_MSGSEND = YES;
				GCC_C_LANGUAGE_STANDARD = gnu11;
				GCC_NO_COMMON_BLOCKS = YES;
				GCC_WARN_64_TO_32_BIT_CONVERSION = YES;
				GCC_WARN_ABOUT_RETURN_TYPE = YES_ERROR;
				GCC_WARN_UNDECLARED_SELECTOR = YES;
				GCC_WARN_UNINITIALIZED_AUTOS = YES_AGGRESSIVE;
				GCC_WARN_UNUSED_FUNCTION = YES;
				GCC_WARN_UNUSED_VARIABLE = YES;
				IPHONEOS_DEPLOYMENT_TARGET = 16.4;
				MTL_ENABLE_DEBUG_INFO = NO;
				MTL_FAST_MATH = YES;
				SDKROOT = iphoneos;
				SWIFT_COMPILATION_MODE = wholemodule;
				SWIFT_OPTIMIZATION_LEVEL = "-O";
				VALIDATE_PRODUCT = YES;
			};
			name = Release;
		};
		C8C818802AA22928009F4917 /* Debug */ = {
			isa = XCBuildConfiguration;
			buildSettings = {
				ASSETCATALOG_COMPILER_APPICON_NAME = AppIcon;
				ASSETCATALOG_COMPILER_GLOBAL_ACCENT_COLOR_NAME = AccentColor;
				CODE_SIGN_STYLE = Automatic;
				CURRENT_PROJECT_VERSION = 1;
				DEVELOPMENT_TEAM = U4GPKHMJ2U;
				GENERATE_INFOPLIST_FILE = YES;
				INFOPLIST_FILE = TempApp/Info.plist;
				INFOPLIST_KEY_UIApplicationSupportsIndirectInputEvents = YES;
				INFOPLIST_KEY_UILaunchStoryboardName = LaunchScreen;
				INFOPLIST_KEY_UIMainStoryboardFile = Main;
				INFOPLIST_KEY_UISupportedInterfaceOrientations_iPad = "UIInterfaceOrientationPortrait UIInterfaceOrientationPortraitUpsideDown UIInterfaceOrientationLandscapeLeft UIInterfaceOrientationLandscapeRight";
				INFOPLIST_KEY_UISupportedInterfaceOrientations_iPhone = "UIInterfaceOrientationPortrait UIInterfaceOrientationLandscapeLeft UIInterfaceOrientationLandscapeRight";
				LD_RUNPATH_SEARCH_PATHS = (
					"$(inherited)",
					"@executable_path/Frameworks",
				);
				MARKETING_VERSION = 1.0;
				PRODUCT_BUNDLE_IDENTIFIER = clc.TempApp;
				PRODUCT_NAME = "$(TARGET_NAME)";
				SWIFT_EMIT_LOC_STRINGS = YES;
				SWIFT_VERSION = 5.0;
				TARGETED_DEVICE_FAMILY = "1,2";
			};
			name = Debug;
		};
		C8C818812AA22928009F4917 /* Release */ = {
			isa = XCBuildConfiguration;
			buildSettings = {
				ASSETCATALOG_COMPILER_APPICON_NAME = AppIcon;
				ASSETCATALOG_COMPILER_GLOBAL_ACCENT_COLOR_NAME = AccentColor;
				CODE_SIGN_STYLE = Automatic;
				CURRENT_PROJECT_VERSION = 1;
				DEVELOPMENT_TEAM = U4GPKHMJ2U;
				GENERATE_INFOPLIST_FILE = YES;
				INFOPLIST_FILE = TempApp/Info.plist;
				INFOPLIST_KEY_UIApplicationSupportsIndirectInputEvents = YES;
				INFOPLIST_KEY_UILaunchStoryboardName = LaunchScreen;
				INFOPLIST_KEY_UIMainStoryboardFile = Main;
				INFOPLIST_KEY_UISupportedInterfaceOrientations_iPad = "UIInterfaceOrientationPortrait UIInterfaceOrientationPortraitUpsideDown UIInterfaceOrientationLandscapeLeft UIInterfaceOrientationLandscapeRight";
				INFOPLIST_KEY_UISupportedInterfaceOrientations_iPhone = "UIInterfaceOrientationPortrait UIInterfaceOrientationLandscapeLeft UIInterfaceOrientationLandscapeRight";
				LD_RUNPATH_SEARCH_PATHS = (
					"$(inherited)",
					"@executable_path/Frameworks",
				);
				MARKETING_VERSION = 1.0;
				PRODUCT_BUNDLE_IDENTIFIER = clc.TempApp;
				PRODUCT_NAME = "$(TARGET_NAME)";
				SWIFT_EMIT_LOC_STRINGS = YES;
				SWIFT_VERSION = 5.0;
				TARGETED_DEVICE_FAMILY = "1,2";
			};
			name = Release;
		};
		C8C818832AA22928009F4917 /* Debug */ = {
			isa = XCBuildConfiguration;
			buildSettings = {
				ALWAYS_EMBED_SWIFT_STANDARD_LIBRARIES = YES;
				BUNDLE_LOADER = "$(TEST_HOST)";
				CODE_SIGN_STYLE = Automatic;
				CURRENT_PROJECT_VERSION = 1;
				DEVELOPMENT_TEAM = U4GPKHMJ2U;
				GENERATE_INFOPLIST_FILE = YES;
				IPHONEOS_DEPLOYMENT_TARGET = 16.4;
				MARKETING_VERSION = 1.0;
				PRODUCT_BUNDLE_IDENTIFIER = clc.TempAppTests;
				PRODUCT_NAME = "$(TARGET_NAME)";
				SWIFT_EMIT_LOC_STRINGS = NO;
				SWIFT_VERSION = 5.0;
				TARGETED_DEVICE_FAMILY = "1,2";
				TEST_HOST = "$(BUILT_PRODUCTS_DIR)/TempApp.app/$(BUNDLE_EXECUTABLE_FOLDER_PATH)/TempApp";
			};
			name = Debug;
		};
		C8C818842AA22928009F4917 /* Release */ = {
			isa = XCBuildConfiguration;
			buildSettings = {
				ALWAYS_EMBED_SWIFT_STANDARD_LIBRARIES = YES;
				BUNDLE_LOADER = "$(TEST_HOST)";
				CODE_SIGN_STYLE = Automatic;
				CURRENT_PROJECT_VERSION = 1;
				DEVELOPMENT_TEAM = U4GPKHMJ2U;
				GENERATE_INFOPLIST_FILE = YES;
				IPHONEOS_DEPLOYMENT_TARGET = 16.4;
				MARKETING_VERSION = 1.0;
				PRODUCT_BUNDLE_IDENTIFIER = clc.TempAppTests;
				PRODUCT_NAME = "$(TARGET_NAME)";
				SWIFT_EMIT_LOC_STRINGS = NO;
				SWIFT_VERSION = 5.0;
				TARGETED_DEVICE_FAMILY = "1,2";
				TEST_HOST = "$(BUILT_PRODUCTS_DIR)/TempApp.app/$(BUNDLE_EXECUTABLE_FOLDER_PATH)/TempApp";
			};
			name = Release;
		};
		C8C818862AA22928009F4917 /* Debug */ = {
			isa = XCBuildConfiguration;
			buildSettings = {
				ALWAYS_EMBED_SWIFT_STANDARD_LIBRARIES = YES;
				CODE_SIGN_STYLE = Automatic;
				CURRENT_PROJECT_VERSION = 1;
				DEVELOPMENT_TEAM = U4GPKHMJ2U;
				GENERATE_INFOPLIST_FILE = YES;
				MARKETING_VERSION = 1.0;
				PRODUCT_BUNDLE_IDENTIFIER = clc.TempAppUITests;
				PRODUCT_NAME = "$(TARGET_NAME)";
				SWIFT_EMIT_LOC_STRINGS = NO;
				SWIFT_VERSION = 5.0;
				TARGETED_DEVICE_FAMILY = "1,2";
				TEST_TARGET_NAME = TempApp;
			};
			name = Debug;
		};
		C8C818872AA22928009F4917 /* Release */ = {
			isa = XCBuildConfiguration;
			buildSettings = {
				ALWAYS_EMBED_SWIFT_STANDARD_LIBRARIES = YES;
				CODE_SIGN_STYLE = Automatic;
				CURRENT_PROJECT_VERSION = 1;
				DEVELOPMENT_TEAM = U4GPKHMJ2U;
				GENERATE_INFOPLIST_FILE = YES;
				MARKETING_VERSION = 1.0;
				PRODUCT_BUNDLE_IDENTIFIER = clc.TempAppUITests;
				PRODUCT_NAME = "$(TARGET_NAME)";
				SWIFT_EMIT_LOC_STRINGS = NO;
				SWIFT_VERSION = 5.0;
				TARGETED_DEVICE_FAMILY = "1,2";
				TEST_TARGET_NAME = TempApp;
			};
			name = Release;
		};
/* End XCBuildConfiguration section */

/* Begin XCConfigurationList section */
		C8C8184D2AA22926009F4917 /* Build configuration list for PBXProject "TempApp" */ = {
			isa = XCConfigurationList;
			buildConfigurations = (
				C8C8187D2AA22928009F4917 /* Debug */,
				C8C8187E2AA22928009F4917 /* Release */,
			);
			defaultConfigurationIsVisible = 0;
			defaultConfigurationName = Release;
		};
		C8C8187F2AA22928009F4917 /* Build configuration list for PBXNativeTarget "TempApp" */ = {
			isa = XCConfigurationList;
			buildConfigurations = (
				C8C818802AA22928009F4917 /* Debug */,
				C8C818812AA22928009F4917 /* Release */,
			);
			defaultConfigurationIsVisible = 0;
			defaultConfigurationName = Release;
		};
		C8C818822AA22928009F4917 /* Build configuration list for PBXNativeTarget "TempAppTests" */ = {
			isa = XCConfigurationList;
			buildConfigurations = (
				C8C818832AA22928009F4917 /* Debug */,
				C8C818842AA22928009F4917 /* Release */,
			);
			defaultConfigurationIsVisible = 0;
			defaultConfigurationName = Release;
		};
		C8C818852AA22928009F4917 /* Build configuration list for PBXNativeTarget "TempAppUITests" */ = {
			isa = XCConfigurationList;
			buildConfigurations = (
				C8C818862AA22928009F4917 /* Debug */,
				C8C818872AA22928009F4917 /* Release */,
			);
			defaultConfigurationIsVisible = 0;
			defaultConfigurationName = Release;
		};
/* End XCConfigurationList section */

/* Begin XCVersionGroup section */
		C8C8185E2AA22926009F4917 /* TempApp.xcdatamodeld */ = {
			isa = XCVersionGroup;
			children = (
				C8C8185F2AA22926009F4917 /* TempApp.xcdatamodel */,
			);
			currentVersion = C8C8185F2AA22926009F4917 /* TempApp.xcdatamodel */;
			path = TempApp.xcdatamodeld;
			sourceTree = "<group>";
			versionGroupType = wrapper.xcdatamodel;
		};
/* End XCVersionGroup section */
	};
	rootObject = C8C8184A2AA22926009F4917 /* Project object */;
}
